{
    "_readme": [
        "This file locks the dependencies of your project to a known state",
        "Read more about it at https://getcomposer.org/doc/01-basic-usage.md#composer-lock-the-lock-file",
        "This file is @generated automatically"
    ],
    "hash": "acc1be4cb33292186e7a4e6e0e3d98c0",
    "content-hash": "f1314d4cb13dcafeb9ea5e23f4f009cc",
    "packages": [
        {
            "name": "savvot/random",
            "version": "v0.3.0",
            "source": {
                "type": "git",
                "url": "https://github.com/savvot/random.git",
                "reference": "8f075d520d75fa90dea8421f6d91176168d150e6"
            },
            "dist": {
                "type": "zip",
                "url": "https://api.github.com/repos/savvot/random/zipball/8f075d520d75fa90dea8421f6d91176168d150e6",
                "reference": "8f075d520d75fa90dea8421f6d91176168d150e6",
                "shasum": ""
            },
            "require": {
                "php-64bit": ">=5.5.0"
            },
            "require-dev": {
                "phpunit/phpunit": "4.8.*"
            },
            "type": "library",
            "autoload": {
                "psr-4": {
                    "Savvot\\Random\\": "src/"
                }
            },
            "notification-url": "https://packagist.org/downloads/",
            "license": [
                "MIT"
            ],
            "authors": [
                {
                    "name": "SavvoT",
                    "email": "savvot@ya.ru"
                }
            ],
            "description": "Deterministic pseudo-random generators library with dozens of useful functions and several sources of randomness",
            "keywords": [
                "PRNG",
                "RNG",
                "php",
                "pseudo-random",
                "random",
                "random number generator",
                "rnd"
            ],
            "time": "2015-09-26 15:48:13"
        }
    ],
    "packages-dev": [],
    "aliases": [],
    "minimum-stability": "stable",
    "stability-flags": [],
    "prefer-stable": false,
    "prefer-lowest": false,
    "platform": [],
    "platform-dev": []
}
